
Microsoft Visual Studio Solution File, Format Version 12.00
# Visual Studio Version 17
VisualStudioVersion = 17.0.31903.59
MinimumVisualStudioVersion = 10.0.40219.1
Project("{2150E333-8FDC-42A3-9474-1A3956D46DE8}") = "src", "src", "{827E0CD3-B72D-47B6-A68D-7590B98EB39B}"
EndProject
Project("{2150E333-8FDC-42A3-9474-1A3956D46DE8}") = "Core", "Core", "{8D626EA8-CB54-BC41-363A-217881BEBA6E}"
EndProject
Project("{FAE04EC0-301F-11D3-BF4B-00C04F79EFBC}") = "SAP.Core.Domain", "src\Core\SAP.Core.Domain\SAP.Core.Domain.csproj", "{6E94CE4D-BC8F-4FC6-B5BE-35E2208AD233}"
EndProject
Project("{FAE04EC0-301F-11D3-BF4B-00C04F79EFBC}") = "SAP.Core.Application", "src\Core\SAP.Core.Application\SAP.Core.Application.csproj", "{F50003B8-C939-46BA-BB64-B9A301330661}"
EndProject
Project("{FAE04EC0-301F-11D3-BF4B-00C04F79EFBC}") = "SAP.Core.Contracts", "src\Core\SAP.Core.Contracts\SAP.Core.Contracts.csproj", "{53DDC2DA-F3FC-4DBD-937B-88113E26E491}"
EndProject
Project("{FAE04EC0-301F-11D3-BF4B-00C04F79EFBC}") = "SAP.Infrastructure.Data", "src\Infrastructure\SAP.Infrastructure.Data\SAP.Infrastructure.Data.csproj", "{70DF7053-16B5-4B44-919D-CA7AD3299DBD}"
EndProject
Project("{FAE04EC0-301F-11D3-BF4B-00C04F79EFBC}") = "SAP.Infrastructure.Messaging", "src\Infrastructure\SAP.Infrastructure.Messaging\SAP.Infrastructure.Messaging.csproj", "{1B5EAC63-D577-466C-9C14-E29AF4B8FA05}"
EndProject
Project("{FAE04EC0-301F-11D3-BF4B-00C04F79EFBC}") = "SAP.API", "src\API\SAP.API\SAP.API.csproj", "{CE2FC2B6-8DBC-4E4E-8900-084E87218EC3}"
EndProject
Project("{2150E333-8FDC-42A3-9474-1A3956D46DE8}") = "Infrastructure", "Infrastructure", "{9048EB7F-3875-A59E-E36B-5BD4C6F2A282}"
EndProject
Project("{2150E333-8FDC-42A3-9474-1A3956D46DE8}") = "API", "API", "{81034408-37C8-1011-444E-4C15C2FADA8E}"
EndProject
Global
	GlobalSection(SolutionConfigurationPlatforms) = preSolution
		Debug|Any CPU = Debug|Any CPU
		Debug|x64 = Debug|x64
		Debug|x86 = Debug|x86
		Release|Any CPU = Release|Any CPU
		Release|x64 = Release|x64
		Release|x86 = Release|x86
	EndGlobalSection
	GlobalSection(ProjectConfigurationPlatforms) = postSolution
		{6E94CE4D-BC8F-4FC6-B5BE-35E2208AD233}.Debug|Any CPU.ActiveCfg = Debug|Any CPU
		{6E94CE4D-BC8F-4FC6-B5BE-35E2208AD233}.Debug|Any CPU.Build.0 = Debug|Any CPU
		{6E94CE4D-BC8F-4FC6-B5BE-35E2208AD233}.Debug|x64.ActiveCfg = Debug|Any CPU
		{6E94CE4D-BC8F-4FC6-B5BE-35E2208AD233}.Debug|x64.Build.0 = Debug|Any CPU
		{6E94CE4D-BC8F-4FC6-B5BE-35E2208AD233}.Debug|x86.ActiveCfg = Debug|Any CPU
		{6E94CE4D-BC8F-4FC6-B5BE-35E2208AD233}.Debug|x86.Build.0 = Debug|Any CPU
		{6E94CE4D-BC8F-4FC6-B5BE-35E2208AD233}.Release|Any CPU.ActiveCfg = Release|Any CPU
		{6E94CE4D-BC8F-4FC6-B5BE-35E2208AD233}.Release|Any CPU.Build.0 = Release|Any CPU
		{6E94CE4D-BC8F-4FC6-B5BE-35E2208AD233}.Release|x64.ActiveCfg = Release|Any CPU
		{6E94CE4D-BC8F-4FC6-B5BE-35E2208AD233}.Release|x64.Build.0 = Release|Any CPU
		{6E94CE4D-BC8F-4FC6-B5BE-35E2208AD233}.Release|x86.ActiveCfg = Release|Any CPU
		{6E94CE4D-BC8F-4FC6-B5BE-35E2208AD233}.Release|x86.Build.0 = Release|Any CPU
		{F50003B8-C939-46BA-BB64-B9A301330661}.Debug|Any CPU.ActiveCfg = Debug|Any CPU
		{F50003B8-C939-46BA-BB64-B9A301330661}.Debug|Any CPU.Build.0 = Debug|Any CPU
		{F50003B8-C939-46BA-BB64-B9A301330661}.Debug|x64.ActiveCfg = Debug|Any CPU
		{F50003B8-C939-46BA-BB64-B9A301330661}.Debug|x64.Build.0 = Debug|Any CPU
		{F50003B8-C939-46BA-BB64-B9A301330661}.Debug|x86.ActiveCfg = Debug|Any CPU
		{F50003B8-C939-46BA-BB64-B9A301330661}.Debug|x86.Build.0 = Debug|Any CPU
		{F50003B8-C939-46BA-BB64-B9A301330661}.Release|Any CPU.ActiveCfg = Release|Any CPU
		{F50003B8-C939-46BA-BB64-B9A301330661}.Release|Any CPU.Build.0 = Release|Any CPU
		{F50003B8-C939-46BA-BB64-B9A301330661}.Release|x64.ActiveCfg = Release|Any CPU
		{F50003B8-C939-46BA-BB64-B9A301330661}.Release|x64.Build.0 = Release|Any CPU
		{F50003B8-C939-46BA-BB64-B9A301330661}.Release|x86.ActiveCfg = Release|Any CPU
		{F50003B8-C939-46BA-BB64-B9A301330661}.Release|x86.Build.0 = Release|Any CPU
		{53DDC2DA-F3FC-4DBD-937B-88113E26E491}.Debug|Any CPU.ActiveCfg = Debug|Any CPU
		{53DDC2DA-F3FC-4DBD-937B-88113E26E491}.Debug|Any CPU.Build.0 = Debug|Any CPU
		{53DDC2DA-F3FC-4DBD-937B-88113E26E491}.Debug|x64.ActiveCfg = Debug|Any CPU
		{53DDC2DA-F3FC-4DBD-937B-88113E26E491}.Debug|x64.Build.0 = Debug|Any CPU
		{53DDC2DA-F3FC-4DBD-937B-88113E26E491}.Debug|x86.ActiveCfg = Debug|Any CPU
		{53DDC2DA-F3FC-4DBD-937B-88113E26E491}.Debug|x86.Build.0 = Debug|Any CPU
		{53DDC2DA-F3FC-4DBD-937B-88113E26E491}.Release|Any CPU.ActiveCfg = Release|Any CPU
		{53DDC2DA-F3FC-4DBD-937B-88113E26E491}.Release|Any CPU.Build.0 = Release|Any CPU
		{53DDC2DA-F3FC-4DBD-937B-88113E26E491}.Release|x64.ActiveCfg = Release|Any CPU
		{53DDC2DA-F3FC-4DBD-937B-88113E26E491}.Release|x64.Build.0 = Release|Any CPU
		{53DDC2DA-F3FC-4DBD-937B-88113E26E491}.Release|x86.ActiveCfg = Release|Any CPU
		{53DDC2DA-F3FC-4DBD-937B-88113E26E491}.Release|x86.Build.0 = Release|Any CPU
		{70DF7053-16B5-4B44-919D-CA7AD3299DBD}.Debug|Any CPU.ActiveCfg = Debug|Any CPU
		{70DF7053-16B5-4B44-919D-CA7AD3299DBD}.Debug|Any CPU.Build.0 = Debug|Any CPU
		{70DF7053-16B5-4B44-919D-CA7AD3299DBD}.Debug|x64.ActiveCfg = Debug|Any CPU
		{70DF7053-16B5-4B44-919D-CA7AD3299DBD}.Debug|x64.Build.0 = Debug|Any CPU
		{70DF7053-16B5-4B44-919D-CA7AD3299DBD}.Debug|x86.ActiveCfg = Debug|Any CPU
		{70DF7053-16B5-4B44-919D-CA7AD3299DBD}.Debug|x86.Build.0 = Debug|Any CPU
		{70DF7053-16B5-4B44-919D-CA7AD3299DBD}.Release|Any CPU.ActiveCfg = Release|Any CPU
		{70DF7053-16B5-4B44-919D-CA7AD3299DBD}.Release|Any CPU.Build.0 = Release|Any CPU
		{70DF7053-16B5-4B44-919D-CA7AD3299DBD}.Release|x64.ActiveCfg = Release|Any CPU
		{70DF7053-16B5-4B44-919D-CA7AD3299DBD}.Release|x64.Build.0 = Release|Any CPU
		{70DF7053-16B5-4B44-919D-CA7AD3299DBD}.Release|x86.ActiveCfg = Release|Any CPU
		{70DF7053-16B5-4B44-919D-CA7AD3299DBD}.Release|x86.Build.0 = Release|Any CPU
		{1B5EAC63-D577-466C-9C14-E29AF4B8FA05}.Debug|Any CPU.ActiveCfg = Debug|Any CPU
		{1B5EAC63-D577-466C-9C14-E29AF4B8FA05}.Debug|Any CPU.Build.0 = Debug|Any CPU
		{1B5EAC63-D577-466C-9C14-E29AF4B8FA05}.Debug|x64.ActiveCfg = Debug|Any CPU
		{1B5EAC63-D577-466C-9C14-E29AF4B8FA05}.Debug|x64.Build.0 = Debug|Any CPU
		{1B5EAC63-D577-466C-9C14-E29AF4B8FA05}.Debug|x86.ActiveCfg = Debug|Any CPU
		{1B5EAC63-D577-466C-9C14-E29AF4B8FA05}.Debug|x86.Build.0 = Debug|Any CPU
		{1B5EAC63-D577-466C-9C14-E29AF4B8FA05}.Release|Any CPU.ActiveCfg = Release|Any CPU
		{1B5EAC63-D577-466C-9C14-E29AF4B8FA05}.Release|Any CPU.Build.0 = Release|Any CPU
		{1B5EAC63-D577-466C-9C14-E29AF4B8FA05}.Release|x64.ActiveCfg = Release|Any CPU
		{1B5EAC63-D577-466C-9C14-E29AF4B8FA05}.Release|x64.Build.0 = Release|Any CPU
		{1B5EAC63-D577-466C-9C14-E29AF4B8FA05}.Release|x86.ActiveCfg = Release|Any CPU
		{1B5EAC63-D577-466C-9C14-E29AF4B8FA05}.Release|x86.Build.0 = Release|Any CPU
		{CE2FC2B6-8DBC-4E4E-8900-084E87218EC3}.Debug|Any CPU.ActiveCfg = Debug|Any CPU
		{CE2FC2B6-8DBC-4E4E-8900-084E87218EC3}.Debug|Any CPU.Build.0 = Debug|Any CPU
		{CE2FC2B6-8DBC-4E4E-8900-084E87218EC3}.Debug|x64.ActiveCfg = Debug|Any CPU
		{CE2FC2B6-8DBC-4E4E-8900-084E87218EC3}.Debug|x64.Build.0 = Debug|Any CPU
		{CE2FC2B6-8DBC-4E4E-8900-084E87218EC3}.Debug|x86.ActiveCfg = Debug|Any CPU
		{CE2FC2B6-8DBC-4E4E-8900-084E87218EC3}.Debug|x86.Build.0 = Debug|Any CPU
		{CE2FC2B6-8DBC-4E4E-8900-084E87218EC3}.Release|Any CPU.ActiveCfg = Release|Any CPU
		{CE2FC2B6-8DBC-4E4E-8900-084E87218EC3}.Release|Any CPU.Build.0 = Release|Any CPU
		{CE2FC2B6-8DBC-4E4E-8900-084E87218EC3}.Release|x64.ActiveCfg = Release|Any CPU
		{CE2FC2B6-8DBC-4E4E-8900-084E87218EC3}.Release|x64.Build.0 = Release|Any CPU
		{CE2FC2B6-8DBC-4E4E-8900-084E87218EC3}.Release|x86.ActiveCfg = Release|Any CPU
		{CE2FC2B6-8DBC-4E4E-8900-084E87218EC3}.Release|x86.Build.0 = Release|Any CPU
	EndGlobalSection
	GlobalSection(SolutionProperties) = preSolution
		HideSolutionNode = FALSE
	EndGlobalSection
	GlobalSection(NestedProjects) = preSolution
		{8D626EA8-CB54-BC41-363A-217881BEBA6E} = {827E0CD3-B72D-47B6-A68D-7590B98EB39B}
		{6E94CE4D-BC8F-4FC6-B5BE-35E2208AD233} = {8D626EA8-CB54-BC41-363A-217881BEBA6E}
		{F50003B8-C939-46BA-BB64-B9A301330661} = {8D626EA8-CB54-BC41-363A-217881BEBA6E}
		{53DDC2DA-F3FC-4DBD-937B-88113E26E491} = {8D626EA8-CB54-BC41-363A-217881BEBA6E}
		{70DF7053-16B5-4B44-919D-CA7AD3299DBD} = {8D626EA8-CB54-BC41-363A-217881BEBA6E}
		{1B5EAC63-D577-466C-9C14-E29AF4B8FA05} = {8D626EA8-CB54-BC41-363A-217881BEBA6E}
		{CE2FC2B6-8DBC-4E4E-8900-084E87218EC3} = {8D626EA8-CB54-BC41-363A-217881BEBA6E}
		{9048EB7F-3875-A59E-E36B-5BD4C6F2A282} = {827E0CD3-B72D-47B6-A68D-7590B98EB39B}
		{81034408-37C8-1011-444E-4C15C2FADA8E} = {827E0CD3-B72D-47B6-A68D-7590B98EB39B}
	EndGlobalSection
EndGlobal
